
Microsoft Visual Studio Solution File, Format Version 12.00
# Visual Studio Version 17
VisualStudioVersion = 17.8.34330.188
MinimumVisualStudioVersion = 10.0.40219.1
Project("{8BC9CEB8-8B4A-11D0-8D11-00A0C91BC942}") = "CarteApp(ex3)", "CarteApp(ex3)\CarteApp(ex3).vcxproj", "{A719BA71-5D8F-40F8-A0E0-FF16C1C29C53}"
EndProject
Global
	GlobalSection(SolutionConfigurationPlatforms) = preSolution
		Debug|x64 = Debug|x64
		Debug|x86 = Debug|x86
		Release|x64 = Release|x64
		Release|x86 = Release|x86
	EndGlobalSection
	GlobalSection(ProjectConfigurationPlatforms) = postSolution
		{A719BA71-5D8F-40F8-A0E0-FF16C1C29C53}.Debug|x64.ActiveCfg = Debug|x64
		{A719BA71-5D8F-40F8-A0E0-FF16C1C29C53}.Debug|x64.Build.0 = Debug|x64
		{A719BA71-5D8F-40F8-A0E0-FF16C1C29C53}.Debug|x86.ActiveCfg = Debug|Win32
		{A719BA71-5D8F-40F8-A0E0-FF16C1C29C53}.Debug|x86.Build.0 = Debug|Win32
		{A719BA71-5D8F-40F8-A0E0-FF16C1C29C53}.Release|x64.ActiveCfg = Release|x64
		{A719BA71-5D8F-40F8-A0E0-FF16C1C29C53}.Release|x64.Build.0 = Release|x64
		{A719BA71-5D8F-40F8-A0E0-FF16C1C29C53}.Release|x86.ActiveCfg = Release|Win32
		{A719BA71-5D8F-40F8-A0E0-FF16C1C29C53}.Release|x86.Build.0 = Release|Win32
	EndGlobalSection
	GlobalSection(SolutionProperties) = preSolution
		HideSolutionNode = FALSE
	EndGlobalSection
	GlobalSection(ExtensibilityGlobals) = postSolution
		SolutionGuid = {8CCD2121-A1F8-4FFF-8ECF-CA3F59AA7D47}
	EndGlobalSection
EndGlobal
